// !$*UTF8*$!
{
	archiveVersion = 1;
	classes = {
	};
	objectVersion = 55;
	objects = {

/* Begin PBXBuildFile section */
		5434B8C028577E850067AF6E /* LeetcodeInSwift.docc in Sources */ = {isa = PBXBuildFile; fileRef = 5434B8BF28577E850067AF6E /* LeetcodeInSwift.docc */; };
		5434B8C628577E850067AF6E /* LeetcodeInSwift.framework in Frameworks */ = {isa = PBXBuildFile; fileRef = 5434B8BB28577E850067AF6E /* LeetcodeInSwift.framework */; };
		5434B8DD285789DD0067AF6E /* Stack.swift in Sources */ = {isa = PBXBuildFile; fileRef = 5434B8DC285789DD0067AF6E /* Stack.swift */; };
		5434B8DF285789F70067AF6E /* StackTests.swift in Sources */ = {isa = PBXBuildFile; fileRef = 5434B8DE285789F70067AF6E /* StackTests.swift */; };
		5434B8E128578A510067AF6E /* LinkedList.swift in Sources */ = {isa = PBXBuildFile; fileRef = 5434B8E028578A510067AF6E /* LinkedList.swift */; };
		5434B8E328578A6E0067AF6E /* LinkedListTests.swift in Sources */ = {isa = PBXBuildFile; fileRef = 5434B8E228578A6E0067AF6E /* LinkedListTests.swift */; };
		54B763552863376C00230FE4 /* FindNumbersWithEvenNumberOfDigits.swift in Sources */ = {isa = PBXBuildFile; fileRef = 54B763542863376C00230FE4 /* FindNumbersWithEvenNumberOfDigits.swift */; };
		54FC1D6A286308840075315E /* MaxConsecutiveOnes.swift in Sources */ = {isa = PBXBuildFile; fileRef = 54FC1D69286308840075315E /* MaxConsecutiveOnes.swift */; };
/* End PBXBuildFile section */

/* Begin PBXContainerItemProxy section */
		5434B8C728577E850067AF6E /* PBXContainerItemProxy */ = {
			isa = PBXContainerItemProxy;
			containerPortal = 5434B8B228577E850067AF6E /* Project object */;
			proxyType = 1;
			remoteGlobalIDString = 5434B8BA28577E850067AF6E;
			remoteInfo = LeetcodeInSwift;
		};
/* End PBXContainerItemProxy section */

/* Begin PBXFileReference section */
		5434B8BB28577E850067AF6E /* LeetcodeInSwift.framework */ = {isa = PBXFileReference; explicitFileType = wrapper.framework; includeInIndex = 0; path = LeetcodeInSwift.framework; sourceTree = BUILT_PRODUCTS_DIR; };
		5434B8BF28577E850067AF6E /* LeetcodeInSwift.docc */ = {isa = PBXFileReference; lastKnownFileType = folder.documentationcatalog; path = LeetcodeInSwift.docc; sourceTree = "<group>"; };
		5434B8C528577E850067AF6E /* LeetcodeInSwiftTests.xctest */ = {isa = PBXFileReference; explicitFileType = wrapper.cfbundle; includeInIndex = 0; path = LeetcodeInSwiftTests.xctest; sourceTree = BUILT_PRODUCTS_DIR; };
		5434B8DC285789DD0067AF6E /* Stack.swift */ = {isa = PBXFileReference; fileEncoding = 4; lastKnownFileType = sourcecode.swift; path = Stack.swift; sourceTree = "<group>"; };
		5434B8DE285789F70067AF6E /* StackTests.swift */ = {isa = PBXFileReference; fileEncoding = 4; lastKnownFileType = sourcecode.swift; path = StackTests.swift; sourceTree = "<group>"; };
		5434B8E028578A510067AF6E /* LinkedList.swift */ = {isa = PBXFileReference; fileEncoding = 4; lastKnownFileType = sourcecode.swift; path = LinkedList.swift; sourceTree = "<group>"; };
		5434B8E228578A6E0067AF6E /* LinkedListTests.swift */ = {isa = PBXFileReference; lastKnownFileType = sourcecode.swift; path = LinkedListTests.swift; sourceTree = "<group>"; };
		54B763542863376C00230FE4 /* FindNumbersWithEvenNumberOfDigits.swift */ = {isa = PBXFileReference; lastKnownFileType = sourcecode.swift; path = FindNumbersWithEvenNumberOfDigits.swift; sourceTree = "<group>"; };
		54FC1D69286308840075315E /* MaxConsecutiveOnes.swift */ = {isa = PBXFileReference; lastKnownFileType = sourcecode.swift; path = MaxConsecutiveOnes.swift; sourceTree = "<group>"; };
/* End PBXFileReference section */

/* Begin PBXFrameworksBuildPhase section */
		5434B8B828577E850067AF6E /* Frameworks */ = {
			isa = PBXFrameworksBuildPhase;
			buildActionMask = 2147483647;
			files = (
			);
			runOnlyForDeploymentPostprocessing = 0;
		};
		5434B8C228577E850067AF6E /* Frameworks */ = {
			isa = PBXFrameworksBuildPhase;
			buildActionMask = 2147483647;
			files = (
				5434B8C628577E850067AF6E /* LeetcodeInSwift.framework in Frameworks */,
			);
			runOnlyForDeploymentPostprocessing = 0;
		};
/* End PBXFrameworksBuildPhase section */

/* Begin PBXGroup section */
		5434B8B128577E850067AF6E = {
			isa = PBXGroup;
			children = (
				5434B8BD28577E850067AF6E /* LeetcodeInSwift */,
				5434B8C928577E850067AF6E /* LeetcodeInSwiftTests */,
				5434B8BC28577E850067AF6E /* Products */,
			);
			sourceTree = "<group>";
		};
		5434B8BC28577E850067AF6E /* Products */ = {
			isa = PBXGroup;
			children = (
				5434B8BB28577E850067AF6E /* LeetcodeInSwift.framework */,
				5434B8C528577E850067AF6E /* LeetcodeInSwiftTests.xctest */,
			);
			name = Products;
			sourceTree = "<group>";
		};
		5434B8BD28577E850067AF6E /* LeetcodeInSwift */ = {
			isa = PBXGroup;
			children = (
				5434B8E028578A510067AF6E /* LinkedList.swift */,
				5434B8DC285789DD0067AF6E /* Stack.swift */,
				5434B8BF28577E850067AF6E /* LeetcodeInSwift.docc */,
			);
			path = LeetcodeInSwift;
			sourceTree = "<group>";
		};
		5434B8C928577E850067AF6E /* LeetcodeInSwiftTests */ = {
			isa = PBXGroup;
			children = (
				5434B8DE285789F70067AF6E /* StackTests.swift */,
				5434B8E228578A6E0067AF6E /* LinkedListTests.swift */,
				54FC1D662863082D0075315E /* Array */,
			);
			path = LeetcodeInSwiftTests;
			sourceTree = "<group>";
		};
		54FC1D662863082D0075315E /* Array */ = {
			isa = PBXGroup;
			children = (
				54FC1D69286308840075315E /* MaxConsecutiveOnes.swift */,
				54B763542863376C00230FE4 /* FindNumbersWithEvenNumberOfDigits.swift */,
			);
			path = Array;
			sourceTree = "<group>";
		};
/* End PBXGroup section */

/* Begin PBXHeadersBuildPhase section */
		5434B8B628577E850067AF6E /* Headers */ = {
			isa = PBXHeadersBuildPhase;
			buildActionMask = 2147483647;
			files = (
			);
			runOnlyForDeploymentPostprocessing = 0;
		};
/* End PBXHeadersBuildPhase section */

/* Begin PBXNativeTarget section */
		5434B8BA28577E850067AF6E /* LeetcodeInSwift */ = {
			isa = PBXNativeTarget;
			buildConfigurationList = 5434B8CF28577E850067AF6E /* Build configuration list for PBXNativeTarget "LeetcodeInSwift" */;
			buildPhases = (
				5434B8B628577E850067AF6E /* Headers */,
				5434B8B728577E850067AF6E /* Sources */,
				5434B8B828577E850067AF6E /* Frameworks */,
				5434B8B928577E850067AF6E /* Resources */,
			);
			buildRules = (
			);
			dependencies = (
			);
			name = LeetcodeInSwift;
			productName = LeetcodeInSwift;
			productReference = 5434B8BB28577E850067AF6E /* LeetcodeInSwift.framework */;
			productType = "com.apple.product-type.framework";
		};
		5434B8C428577E850067AF6E /* LeetcodeInSwiftTests */ = {
			isa = PBXNativeTarget;
			buildConfigurationList = 5434B8D228577E850067AF6E /* Build configuration list for PBXNativeTarget "LeetcodeInSwiftTests" */;
			buildPhases = (
				5434B8C128577E850067AF6E /* Sources */,
				5434B8C228577E850067AF6E /* Frameworks */,
				5434B8C328577E850067AF6E /* Resources */,
			);
			buildRules = (
			);
			dependencies = (
				5434B8C828577E850067AF6E /* PBXTargetDependency */,
			);
			name = LeetcodeInSwiftTests;
			productName = LeetcodeInSwiftTests;
			productReference = 5434B8C528577E850067AF6E /* LeetcodeInSwiftTests.xctest */;
			productType = "com.apple.product-type.bundle.unit-test";
		};
/* End PBXNativeTarget section */

/* Begin PBXProject section */
		5434B8B228577E850067AF6E /* Project object */ = {
			isa = PBXProject;
			attributes = {
				BuildIndependentTargetsInParallel = 1;
				LastSwiftUpdateCheck = 1320;
				LastUpgradeCheck = 1320;
				TargetAttributes = {
					5434B8BA28577E850067AF6E = {
						CreatedOnToolsVersion = 13.2.1;
					};
					5434B8C428577E850067AF6E = {
						CreatedOnToolsVersion = 13.2.1;
						LastSwiftMigration = 1320;
					};
				};
			};
			buildConfigurationList = 5434B8B528577E850067AF6E /* Build configuration list for PBXProject "LeetcodeInSwift" */;
			compatibilityVersion = "Xcode 13.0";
			developmentRegion = en;
			hasScannedForEncodings = 0;
			knownRegions = (
				en,
				Base,
			);
			mainGroup = 5434B8B128577E850067AF6E;
			productRefGroup = 5434B8BC28577E850067AF6E /* Products */;
			projectDirPath = "";
			projectRoot = "";
			targets = (
				5434B8BA28577E850067AF6E /* LeetcodeInSwift */,
				5434B8C428577E850067AF6E /* LeetcodeInSwiftTests */,
			);
		};
/* End PBXProject section */

/* Begin PBXResourcesBuildPhase section */
		5434B8B928577E850067AF6E /* Resources */ = {
			isa = PBXResourcesBuildPhase;
			buildActionMask = 2147483647;
			files = (
			);
			runOnlyForDeploymentPostprocessing = 0;
		};
		5434B8C328577E850067AF6E /* Resources */ = {
			isa = PBXResourcesBuildPhase;
			buildActionMask = 2147483647;
			files = (
			);
			runOnlyForDeploymentPostprocessing = 0;
		};
/* End PBXResourcesBuildPhase section */

/* Begin PBXSourcesBuildPhase section */
		5434B8B728577E850067AF6E /* Sources */ = {
			isa = PBXSourcesBuildPhase;
			buildActionMask = 2147483647;
			files = (
				5434B8E128578A510067AF6E /* LinkedList.swift in Sources */,
				5434B8DD285789DD0067AF6E /* Stack.swift in Sources */,
				5434B8C028577E850067AF6E /* LeetcodeInSwift.docc in Sources */,
			);
			runOnlyForDeploymentPostprocessing = 0;
		};
		5434B8C128577E850067AF6E /* Sources */ = {
			isa = PBXSourcesBuildPhase;
			buildActionMask = 2147483647;
			files = (
				5434B8E328578A6E0067AF6E /* LinkedListTests.swift in Sources */,
				5434B8DF285789F70067AF6E /* StackTests.swift in Sources */,
				54FC1D6A286308840075315E /* MaxConsecutiveOnes.swift in Sources */,
				54B763552863376C00230FE4 /* FindNumbersWithEvenNumberOfDigits.swift in Sources */,
			);
			runOnlyForDeploymentPostprocessing = 0;
		};
/* End PBXSourcesBuildPhase section */

/* Begin PBXTargetDependency section */
		5434B8C828577E850067AF6E /* PBXTargetDependency */ = {
			isa = PBXTargetDependency;
			target = 5434B8BA28577E850067AF6E /* LeetcodeInSwift */;
			targetProxy = 5434B8C728577E850067AF6E /* PBXContainerItemProxy */;
		};
/* End PBXTargetDependency section */

/* Begin XCBuildConfiguration section */
		5434B8CD28577E850067AF6E /* Debug */ = {
			isa = XCBuildConfiguration;
			buildSettings = {
				ALWAYS_SEARCH_USER_PATHS = NO;
				CLANG_ANALYZER_NONNULL = YES;
				CLANG_ANALYZER_NUMBER_OBJECT_CONVERSION = YES_AGGRESSIVE;
				CLANG_CXX_LANGUAGE_STANDARD = "gnu++17";
				CLANG_CXX_LIBRARY = "libc++";
				CLANG_ENABLE_MODULES = YES;
				CLANG_ENABLE_OBJC_ARC = YES;
				CLANG_ENABLE_OBJC_WEAK = YES;
				CLANG_WARN_BLOCK_CAPTURE_AUTORELEASING = YES;
				CLANG_WARN_BOOL_CONVERSION = YES;
				CLANG_WARN_COMMA = YES;
				CLANG_WARN_CONSTANT_CONVERSION = YES;
				CLANG_WARN_DEPRECATED_OBJC_IMPLEMENTATIONS = YES;
				CLANG_WARN_DIRECT_OBJC_ISA_USAGE = YES_ERROR;
				CLANG_WARN_DOCUMENTATION_COMMENTS = YES;
				CLANG_WARN_EMPTY_BODY = YES;
				CLANG_WARN_ENUM_CONVERSION = YES;
				CLANG_WARN_INFINITE_RECURSION = YES;
				CLANG_WARN_INT_CONVERSION = YES;
				CLANG_WARN_NON_LITERAL_NULL_CONVERSION = YES;
				CLANG_WARN_OBJC_IMPLICIT_RETAIN_SELF = YES;
				CLANG_WARN_OBJC_LITERAL_CONVERSION = YES;
				CLANG_WARN_OBJC_ROOT_CLASS = YES_ERROR;
				CLANG_WARN_QUOTED_INCLUDE_IN_FRAMEWORK_HEADER = YES;
				CLANG_WARN_RANGE_LOOP_ANALYSIS = YES;
				CLANG_WARN_STRICT_PROTOTYPES = YES;
				CLANG_WARN_SUSPICIOUS_MOVE = YES;
				CLANG_WARN_UNGUARDED_AVAILABILITY = YES_AGGRESSIVE;
				CLANG_WARN_UNREACHABLE_CODE = YES;
				CLANG_WARN__DUPLICATE_METHOD_MATCH = YES;
				COPY_PHASE_STRIP = NO;
				CURRENT_PROJECT_VERSION = 1;
				DEBUG_INFORMATION_FORMAT = dwarf;
				ENABLE_STRICT_OBJC_MSGSEND = YES;
				ENABLE_TESTABILITY = YES;
				GCC_C_LANGUAGE_STANDARD = gnu11;
				GCC_DYNAMIC_NO_PIC = NO;
				GCC_NO_COMMON_BLOCKS = YES;
				GCC_OPTIMIZATION_LEVEL = 0;
				GCC_PREPROCESSOR_DEFINITIONS = (
					"DEBUG=1",
					"$(inherited)",
				);
				GCC_WARN_64_TO_32_BIT_CONVERSION = YES;
				GCC_WARN_ABOUT_RETURN_TYPE = YES_ERROR;
				GCC_WARN_UNDECLARED_SELECTOR = YES;
				GCC_WARN_UNINITIALIZED_AUTOS = YES_AGGRESSIVE;
				GCC_WARN_UNUSED_FUNCTION = YES;
				GCC_WARN_UNUSED_VARIABLE = YES;
				MACOSX_DEPLOYMENT_TARGET = 12.1;
				MTL_ENABLE_DEBUG_INFO = INCLUDE_SOURCE;
				MTL_FAST_MATH = YES;
				ONLY_ACTIVE_ARCH = YES;
				SDKROOT = macosx;
				SWIFT_ACTIVE_COMPILATION_CONDITIONS = DEBUG;
				SWIFT_OPTIMIZATION_LEVEL = "-Onone";
				VERSIONING_SYSTEM = "apple-generic";
				VERSION_INFO_PREFIX = "";
			};
			name = Debug;
		};
		5434B8CE28577E850067AF6E /* Release */ = {
			isa = XCBuildConfiguration;
			buildSettings = {
				ALWAYS_SEARCH_USER_PATHS = NO;
				CLANG_ANALYZER_NONNULL = YES;
				CLANG_ANALYZER_NUMBER_OBJECT_CONVERSION = YES_AGGRESSIVE;
				CLANG_CXX_LANGUAGE_STANDARD = "gnu++17";
				CLANG_CXX_LIBRARY = "libc++";
				CLANG_ENABLE_MODULES = YES;
				CLANG_ENABLE_OBJC_ARC = YES;
				CLANG_ENABLE_OBJC_WEAK = YES;
				CLANG_WARN_BLOCK_CAPTURE_AUTORELEASING = YES;
				CLANG_WARN_BOOL_CONVERSION = YES;
				CLANG_WARN_COMMA = YES;
				CLANG_WARN_CONSTANT_CONVERSION = YES;
				CLANG_WARN_DEPRECATED_OBJC_IMPLEMENTATIONS = YES;
				CLANG_WARN_DIRECT_OBJC_ISA_USAGE = YES_ERROR;
				CLANG_WARN_DOCUMENTATION_COMMENTS = YES;
				CLANG_WARN_EMPTY_BODY = YES;
				CLANG_WARN_ENUM_CONVERSION = YES;
				CLANG_WARN_INFINITE_RECURSION = YES;
				CLANG_WARN_INT_CONVERSION = YES;
				CLANG_WARN_NON_LITERAL_NULL_CONVERSION = YES;
				CLANG_WARN_OBJC_IMPLICIT_RETAIN_SELF = YES;
				CLANG_WARN_OBJC_LITERAL_CONVERSION = YES;
				CLANG_WARN_OBJC_ROOT_CLASS = YES_ERROR;
				CLANG_WARN_QUOTED_INCLUDE_IN_FRAMEWORK_HEADER = YES;
				CLANG_WARN_RANGE_LOOP_ANALYSIS = YES;
				CLANG_WARN_STRICT_PROTOTYPES = YES;
				CLANG_WARN_SUSPICIOUS_MOVE = YES;
				CLANG_WARN_UNGUARDED_AVAILABILITY = YES_AGGRESSIVE;
				CLANG_WARN_UNREACHABLE_CODE = YES;
				CLANG_WARN__DUPLICATE_METHOD_MATCH = YES;
				COPY_PHASE_STRIP = NO;
				CURRENT_PROJECT_VERSION = 1;
				DEBUG_INFORMATION_FORMAT = "dwarf-with-dsym";
				ENABLE_NS_ASSERTIONS = NO;
				ENABLE_STRICT_OBJC_MSGSEND = YES;
				GCC_C_LANGUAGE_STANDARD = gnu11;
				GCC_NO_COMMON_BLOCKS = YES;
				GCC_WARN_64_TO_32_BIT_CONVERSION = YES;
				GCC_WARN_ABOUT_RETURN_TYPE = YES_ERROR;
				GCC_WARN_UNDECLARED_SELECTOR = YES;
				GCC_WARN_UNINITIALIZED_AUTOS = YES_AGGRESSIVE;
				GCC_WARN_UNUSED_FUNCTION = YES;
				GCC_WARN_UNUSED_VARIABLE = YES;
				MACOSX_DEPLOYMENT_TARGET = 12.1;
				MTL_ENABLE_DEBUG_INFO = NO;
				MTL_FAST_MATH = YES;
				SDKROOT = macosx;
				SWIFT_COMPILATION_MODE = wholemodule;
				SWIFT_OPTIMIZATION_LEVEL = "-O";
				VERSIONING_SYSTEM = "apple-generic";
				VERSION_INFO_PREFIX = "";
			};
			name = Release;
		};
		5434B8D028577E850067AF6E /* Debug */ = {
			isa = XCBuildConfiguration;
			buildSettings = {
				CODE_SIGN_STYLE = Automatic;
				COMBINE_HIDPI_IMAGES = YES;
				CURRENT_PROJECT_VERSION = 1;
				DEFINES_MODULE = YES;
				DEVELOPMENT_TEAM = 244PY8XQKP;
				DYLIB_COMPATIBILITY_VERSION = 1;
				DYLIB_CURRENT_VERSION = 1;
				DYLIB_INSTALL_NAME_BASE = "@rpath";
				GENERATE_INFOPLIST_FILE = YES;
				INFOPLIST_KEY_NSHumanReadableCopyright = "";
				INSTALL_PATH = "$(LOCAL_LIBRARY_DIR)/Frameworks";
				LD_RUNPATH_SEARCH_PATHS = (
					"$(inherited)",
					"@executable_path/../Frameworks",
					"@loader_path/Frameworks",
				);
				MARKETING_VERSION = 1.0;
				PRODUCT_BUNDLE_IDENTIFIER = com.GordonFeng.LeetcodeInSwift;
				PRODUCT_NAME = "$(TARGET_NAME:c99extidentifier)";
				SKIP_INSTALL = YES;
				SWIFT_EMIT_LOC_STRINGS = YES;
				SWIFT_VERSION = 5.0;
			};
			name = Debug;
		};
		5434B8D128577E850067AF6E /* Release */ = {
			isa = XCBuildConfiguration;
			buildSettings = {
				CODE_SIGN_STYLE = Automatic;
				COMBINE_HIDPI_IMAGES = YES;
				CURRENT_PROJECT_VERSION = 1;
				DEFINES_MODULE = YES;
				DEVELOPMENT_TEAM = 244PY8XQKP;
				DYLIB_COMPATIBILITY_VERSION = 1;
				DYLIB_CURRENT_VERSION = 1;
				DYLIB_INSTALL_NAME_BASE = "@rpath";
				GENERATE_INFOPLIST_FILE = YES;
				INFOPLIST_KEY_NSHumanReadableCopyright = "";
				INSTALL_PATH = "$(LOCAL_LIBRARY_DIR)/Frameworks";
				LD_RUNPATH_SEARCH_PATHS = (
					"$(inherited)",
					"@executable_path/../Frameworks",
					"@loader_path/Frameworks",
				);
				MARKETING_VERSION = 1.0;
				PRODUCT_BUNDLE_IDENTIFIER = com.GordonFeng.LeetcodeInSwift;
				PRODUCT_NAME = "$(TARGET_NAME:c99extidentifier)";
				SKIP_INSTALL = YES;
				SWIFT_EMIT_LOC_STRINGS = YES;
				SWIFT_VERSION = 5.0;
			};
			name = Release;
		};
		5434B8D328577E850067AF6E /* Debug */ = {
			isa = XCBuildConfiguration;
			buildSettings = {
				ALWAYS_EMBED_SWIFT_STANDARD_LIBRARIES = YES;
				CLANG_ENABLE_MODULES = YES;
				CODE_SIGN_STYLE = Automatic;
				CURRENT_PROJECT_VERSION = 1;
				DEVELOPMENT_TEAM = 244PY8XQKP;
				GENERATE_INFOPLIST_FILE = YES;
				LD_RUNPATH_SEARCH_PATHS = (
					"$(inherited)",
					"@executable_path/../Frameworks",
					"@loader_path/../Frameworks",
				);
				MARKETING_VERSION = 1.0;
				PRODUCT_BUNDLE_IDENTIFIER = com.GordonFeng.LeetcodeInSwiftTests;
				PRODUCT_NAME = "$(TARGET_NAME)";
				SWIFT_EMIT_LOC_STRINGS = NO;
				SWIFT_OPTIMIZATION_LEVEL = "-Onone";
				SWIFT_VERSION = 5.0;
			};
			name = Debug;
		};
		5434B8D428577E850067AF6E /* Release */ = {
			isa = XCBuildConfiguration;
			buildSettings = {
				ALWAYS_EMBED_SWIFT_STANDARD_LIBRARIES = YES;
				CLANG_ENABLE_MODULES = YES;
				CODE_SIGN_STYLE = Automatic;
				CURRENT_PROJECT_VERSION = 1;
				DEVELOPMENT_TEAM = 244PY8XQKP;
				GENERATE_INFOPLIST_FILE = YES;
				LD_RUNPATH_SEARCH_PATHS = (
					"$(inherited)",
					"@executable_path/../Frameworks",
					"@loader_path/../Frameworks",
				);
				MARKETING_VERSION = 1.0;
				PRODUCT_BUNDLE_IDENTIFIER = com.GordonFeng.LeetcodeInSwiftTests;
				PRODUCT_NAME = "$(TARGET_NAME)";
				SWIFT_EMIT_LOC_STRINGS = NO;
				SWIFT_VERSION = 5.0;
			};
			name = Release;
		};
/* End XCBuildConfiguration section */

/* Begin XCConfigurationList section */
		5434B8B528577E850067AF6E /* Build configuration list for PBXProject "LeetcodeInSwift" */ = {
			isa = XCConfigurationList;
			buildConfigurations = (
				5434B8CD28577E850067AF6E /* Debug */,
				5434B8CE28577E850067AF6E /* Release */,
			);
			defaultConfigurationIsVisible = 0;
			defaultConfigurationName = Release;
		};
		5434B8CF28577E850067AF6E /* Build configuration list for PBXNativeTarget "LeetcodeInSwift" */ = {
			isa = XCConfigurationList;
			buildConfigurations = (
				5434B8D028577E850067AF6E /* Debug */,
				5434B8D128577E850067AF6E /* Release */,
			);
			defaultConfigurationIsVisible = 0;
			defaultConfigurationName = Release;
		};
		5434B8D228577E850067AF6E /* Build configuration list for PBXNativeTarget "LeetcodeInSwiftTests" */ = {
			isa = XCConfigurationList;
			buildConfigurations = (
				5434B8D328577E850067AF6E /* Debug */,
				5434B8D428577E850067AF6E /* Release */,
			);
			defaultConfigurationIsVisible = 0;
			defaultConfigurationName = Release;
		};
/* End XCConfigurationList section */
	};
	rootObject = 5434B8B228577E850067AF6E /* Project object */;
}
